
Microsoft Visual Studio Solution File, Format Version 12.00
# Visual Studio Version 17
VisualStudioVersion = 17.14.36414.22 d17.14
MinimumVisualStudioVersion = 10.0.40219.1
Project("{FAE04EC0-301F-11D3-BF4B-00C04F79EFBC}") = "NcaaDraftEditor.Core", "NcaaDraftEditor.Core\NcaaDraftEditor.Core.csproj", "{B045BB16-99B5-4601-AEFE-C07FB92B6FEF}"
EndProject
Project("{FAE04EC0-301F-11D3-BF4B-00C04F79EFBC}") = "NcaaDraftEditor.WinForms", "NcaaDraftEditor.WinForms\NcaaDraftEditor.WinForms.csproj", "{BE055F41-D870-CD19-2F41-F3E0E1E7001C}"
EndProject
Project("{FAE04EC0-301F-11D3-BF4B-00C04F79EFBC}") = "NcaaDraftEditor.Tests", "NcaaDraftEditor.Tests\NcaaDraftEditor.Tests.csproj", "{DD88745D-96FD-4029-8D68-17078CE973E1}"
EndProject
Project("{FAE04EC0-301F-11D3-BF4B-00C04F79EFBC}") = "NcaaDraftEditor.Cli", "NcaaDraftEditor.Cli\NcaaDraftEditor.Cli.csproj", "{0F1BA631-75C4-419E-863D-1880B81148F0}"
EndProject
Project("{FAE04EC0-301F-11D3-BF4B-00C04F79EFBC}") = "NcaaDraftEditor.Canonical", "NcaaDraftEditor.Canonical\NcaaDraftEditor.Canonical.csproj", "{981EDFF8-9169-442F-942F-054043343144}"
EndProject
Project("{FAE04EC0-301F-11D3-BF4B-00C04F79EFBC}") = "NcaaDraftEditor.Compiler", "NcaaDraftEditor.Compiler\NcaaDraftEditor.Compiler.csproj", "{2478AE94-9DE2-40CA-8113-F260F0C7D657}"
EndProject
Global
	GlobalSection(SolutionConfigurationPlatforms) = preSolution
		Debug|Any CPU = Debug|Any CPU
		Release|Any CPU = Release|Any CPU
	EndGlobalSection
	GlobalSection(ProjectConfigurationPlatforms) = postSolution
		{B045BB16-99B5-4601-AEFE-C07FB92B6FEF}.Debug|Any CPU.ActiveCfg = Debug|Any CPU
		{B045BB16-99B5-4601-AEFE-C07FB92B6FEF}.Debug|Any CPU.Build.0 = Debug|Any CPU
		{B045BB16-99B5-4601-AEFE-C07FB92B6FEF}.Release|Any CPU.ActiveCfg = Release|Any CPU
		{B045BB16-99B5-4601-AEFE-C07FB92B6FEF}.Release|Any CPU.Build.0 = Release|Any CPU
		{BE055F41-D870-CD19-2F41-F3E0E1E7001C}.Debug|Any CPU.ActiveCfg = Debug|Any CPU
		{BE055F41-D870-CD19-2F41-F3E0E1E7001C}.Debug|Any CPU.Build.0 = Debug|Any CPU
		{BE055F41-D870-CD19-2F41-F3E0E1E7001C}.Release|Any CPU.ActiveCfg = Release|Any CPU
		{BE055F41-D870-CD19-2F41-F3E0E1E7001C}.Release|Any CPU.Build.0 = Release|Any CPU
		{DD88745D-96FD-4029-8D68-17078CE973E1}.Debug|Any CPU.ActiveCfg = Debug|Any CPU
		{DD88745D-96FD-4029-8D68-17078CE973E1}.Debug|Any CPU.Build.0 = Debug|Any CPU
		{DD88745D-96FD-4029-8D68-17078CE973E1}.Release|Any CPU.ActiveCfg = Release|Any CPU
		{DD88745D-96FD-4029-8D68-17078CE973E1}.Release|Any CPU.Build.0 = Release|Any CPU
		{0F1BA631-75C4-419E-863D-1880B81148F0}.Debug|Any CPU.ActiveCfg = Debug|Any CPU
		{0F1BA631-75C4-419E-863D-1880B81148F0}.Debug|Any CPU.Build.0 = Debug|Any CPU
		{0F1BA631-75C4-419E-863D-1880B81148F0}.Release|Any CPU.ActiveCfg = Release|Any CPU
		{0F1BA631-75C4-419E-863D-1880B81148F0}.Release|Any CPU.Build.0 = Release|Any CPU
		{981EDFF8-9169-442F-942F-054043343144}.Debug|Any CPU.ActiveCfg = Debug|Any CPU
		{981EDFF8-9169-442F-942F-054043343144}.Debug|Any CPU.Build.0 = Debug|Any CPU
		{981EDFF8-9169-442F-942F-054043343144}.Release|Any CPU.ActiveCfg = Release|Any CPU
		{981EDFF8-9169-442F-942F-054043343144}.Release|Any CPU.Build.0 = Release|Any CPU
		{2478AE94-9DE2-40CA-8113-F260F0C7D657}.Debug|Any CPU.ActiveCfg = Debug|Any CPU
		{2478AE94-9DE2-40CA-8113-F260F0C7D657}.Debug|Any CPU.Build.0 = Debug|Any CPU
		{2478AE94-9DE2-40CA-8113-F260F0C7D657}.Release|Any CPU.ActiveCfg = Release|Any CPU
		{2478AE94-9DE2-40CA-8113-F260F0C7D657}.Release|Any CPU.Build.0 = Release|Any CPU
	EndGlobalSection
	GlobalSection(SolutionProperties) = preSolution
		HideSolutionNode = FALSE
	EndGlobalSection
	GlobalSection(ExtensibilityGlobals) = postSolution
		SolutionGuid = {0603CC15-39FD-4498-8041-7A4586B4F8E5}
	EndGlobalSection
EndGlobal
